
Microsoft Visual Studio Solution File, Format Version 12.00
# Visual Studio 15
VisualStudioVersion = 15.0.27130.2027
MinimumVisualStudioVersion = 10.0.40219.1
Project("{FAE04EC0-301F-11D3-BF4B-00C04F79EFBC}") = "WPF", "WPF\WPF.csproj", "{D726B0EF-273A-40A4-A57B-CDC999FC12C2}"
EndProject
Global
	GlobalSection(SolutionConfigurationPlatforms) = preSolution
		Debug|Any CPU = Debug|Any CPU
		Release|Any CPU = Release|Any CPU
	EndGlobalSection
	GlobalSection(ProjectConfigurationPlatforms) = postSolution
		{D726B0EF-273A-40A4-A57B-CDC999FC12C2}.Debug|Any CPU.ActiveCfg = Debug|Any CPU
		{D726B0EF-273A-40A4-A57B-CDC999FC12C2}.Debug|Any CPU.Build.0 = Debug|Any CPU
		{D726B0EF-273A-40A4-A57B-CDC999FC12C2}.Release|Any CPU.ActiveCfg = Release|Any CPU
		{D726B0EF-273A-40A4-A57B-CDC999FC12C2}.Release|Any CPU.Build.0 = Release|Any CPU
	EndGlobalSection
	GlobalSection(SolutionProperties) = preSolution
		HideSolutionNode = FALSE
	EndGlobalSection
	GlobalSection(ExtensibilityGlobals) = postSolution
		SolutionGuid = {4C1352D3-D910-433A-87FB-E6C3842A38D3}
	EndGlobalSection
EndGlobal
